
Microsoft Visual Studio Solution File, Format Version 12.00
# Visual Studio Version 17
VisualStudioVersion = 17.4.33205.214
MinimumVisualStudioVersion = 10.0.40219.1
Project("{9A19103F-16F7-4668-BE54-9A1E7A4F7556}") = "OganiWebUI", "OganiWebUI\OganiWebUI.csproj", "{14DE0E27-4A60-46B8-91A8-86627F17F77A}"
EndProject
Project("{2150E333-8FDC-42A3-9474-1A3956D46DE8}") = "src", "src", "{D6EC1898-BABA-46AD-B8F3-A3CEB5CA7EE9}"
EndProject
Project("{2150E333-8FDC-42A3-9474-1A3956D46DE8}") = "tests", "tests", "{73DFA683-8487-4A48-9228-4218E03BB028}"
EndProject
Project("{2150E333-8FDC-42A3-9474-1A3956D46DE8}") = "Core", "Core", "{7EF33B9E-CA27-4A90-AEFD-CFF23548258F}"
EndProject
Project("{2150E333-8FDC-42A3-9474-1A3956D46DE8}") = "Infrastructure", "Infrastructure", "{58B21495-B32A-42AD-B4D9-B5A52B1E1EE2}"
EndProject
Project("{FAE04EC0-301F-11D3-BF4B-00C04F79EFBC}") = "Domain", "src\Core\Domain\Domain.csproj", "{8EA50B90-7250-457E-AEB2-A6C61E8E726A}"
EndProject
Project("{FAE04EC0-301F-11D3-BF4B-00C04F79EFBC}") = "Services", "src\Core\Services\Services.csproj", "{6F9CE434-E4CF-466D-8592-2BA558911EAC}"
EndProject
Project("{FAE04EC0-301F-11D3-BF4B-00C04F79EFBC}") = "Persistence", "src\Infrastructure\Persistence\Persistence.csproj", "{ADE62ADB-CBB6-4252-9BD0-90357570AE60}"
EndProject
Project("{2150E333-8FDC-42A3-9474-1A3956D46DE8}") = "Presentation", "Presentation", "{FB3DD6E0-7E53-4EF7-B5E7-EB388C8763A3}"
EndProject
Project("{FAE04EC0-301F-11D3-BF4B-00C04F79EFBC}") = "WebUI", "src\Presentation\WebUI\WebUI.csproj", "{6502CDBA-7E37-44C5-94F3-889C734D9B47}"
EndProject
Project("{FAE04EC0-301F-11D3-BF4B-00C04F79EFBC}") = "Services.Implementation", "src\Core\Services.Implementation\Services.Implementation.csproj", "{1A8BFCF6-1CCA-4C0C-A884-06CD8BCDAAC4}"
EndProject
Global
	GlobalSection(SolutionConfigurationPlatforms) = preSolution
		Debug|Any CPU = Debug|Any CPU
		Release|Any CPU = Release|Any CPU
	EndGlobalSection
	GlobalSection(ProjectConfigurationPlatforms) = postSolution
		{14DE0E27-4A60-46B8-91A8-86627F17F77A}.Debug|Any CPU.ActiveCfg = Debug|Any CPU
		{14DE0E27-4A60-46B8-91A8-86627F17F77A}.Debug|Any CPU.Build.0 = Debug|Any CPU
		{14DE0E27-4A60-46B8-91A8-86627F17F77A}.Release|Any CPU.ActiveCfg = Release|Any CPU
		{14DE0E27-4A60-46B8-91A8-86627F17F77A}.Release|Any CPU.Build.0 = Release|Any CPU
		{8EA50B90-7250-457E-AEB2-A6C61E8E726A}.Debug|Any CPU.ActiveCfg = Debug|Any CPU
		{8EA50B90-7250-457E-AEB2-A6C61E8E726A}.Debug|Any CPU.Build.0 = Debug|Any CPU
		{8EA50B90-7250-457E-AEB2-A6C61E8E726A}.Release|Any CPU.ActiveCfg = Release|Any CPU
		{8EA50B90-7250-457E-AEB2-A6C61E8E726A}.Release|Any CPU.Build.0 = Release|Any CPU
		{6F9CE434-E4CF-466D-8592-2BA558911EAC}.Debug|Any CPU.ActiveCfg = Debug|Any CPU
		{6F9CE434-E4CF-466D-8592-2BA558911EAC}.Debug|Any CPU.Build.0 = Debug|Any CPU
		{6F9CE434-E4CF-466D-8592-2BA558911EAC}.Release|Any CPU.ActiveCfg = Release|Any CPU
		{6F9CE434-E4CF-466D-8592-2BA558911EAC}.Release|Any CPU.Build.0 = Release|Any CPU
		{ADE62ADB-CBB6-4252-9BD0-90357570AE60}.Debug|Any CPU.ActiveCfg = Debug|Any CPU
		{ADE62ADB-CBB6-4252-9BD0-90357570AE60}.Debug|Any CPU.Build.0 = Debug|Any CPU
		{ADE62ADB-CBB6-4252-9BD0-90357570AE60}.Release|Any CPU.ActiveCfg = Release|Any CPU
		{ADE62ADB-CBB6-4252-9BD0-90357570AE60}.Release|Any CPU.Build.0 = Release|Any CPU
		{6502CDBA-7E37-44C5-94F3-889C734D9B47}.Debug|Any CPU.ActiveCfg = Debug|Any CPU
		{6502CDBA-7E37-44C5-94F3-889C734D9B47}.Debug|Any CPU.Build.0 = Debug|Any CPU
		{6502CDBA-7E37-44C5-94F3-889C734D9B47}.Release|Any CPU.ActiveCfg = Release|Any CPU
		{6502CDBA-7E37-44C5-94F3-889C734D9B47}.Release|Any CPU.Build.0 = Release|Any CPU
		{1A8BFCF6-1CCA-4C0C-A884-06CD8BCDAAC4}.Debug|Any CPU.ActiveCfg = Debug|Any CPU
		{1A8BFCF6-1CCA-4C0C-A884-06CD8BCDAAC4}.Debug|Any CPU.Build.0 = Debug|Any CPU
		{1A8BFCF6-1CCA-4C0C-A884-06CD8BCDAAC4}.Release|Any CPU.ActiveCfg = Release|Any CPU
		{1A8BFCF6-1CCA-4C0C-A884-06CD8BCDAAC4}.Release|Any CPU.Build.0 = Release|Any CPU
	EndGlobalSection
	GlobalSection(SolutionProperties) = preSolution
		HideSolutionNode = FALSE
	EndGlobalSection
	GlobalSection(NestedProjects) = preSolution
		{7EF33B9E-CA27-4A90-AEFD-CFF23548258F} = {D6EC1898-BABA-46AD-B8F3-A3CEB5CA7EE9}
		{58B21495-B32A-42AD-B4D9-B5A52B1E1EE2} = {D6EC1898-BABA-46AD-B8F3-A3CEB5CA7EE9}
		{8EA50B90-7250-457E-AEB2-A6C61E8E726A} = {7EF33B9E-CA27-4A90-AEFD-CFF23548258F}
		{6F9CE434-E4CF-466D-8592-2BA558911EAC} = {7EF33B9E-CA27-4A90-AEFD-CFF23548258F}
		{ADE62ADB-CBB6-4252-9BD0-90357570AE60} = {58B21495-B32A-42AD-B4D9-B5A52B1E1EE2}
		{FB3DD6E0-7E53-4EF7-B5E7-EB388C8763A3} = {D6EC1898-BABA-46AD-B8F3-A3CEB5CA7EE9}
		{6502CDBA-7E37-44C5-94F3-889C734D9B47} = {FB3DD6E0-7E53-4EF7-B5E7-EB388C8763A3}
		{1A8BFCF6-1CCA-4C0C-A884-06CD8BCDAAC4} = {7EF33B9E-CA27-4A90-AEFD-CFF23548258F}
	EndGlobalSection
	GlobalSection(ExtensibilityGlobals) = postSolution
		SolutionGuid = {C99F1BCC-556A-494F-A746-C9CEE11BBAA1}
	EndGlobalSection
EndGlobal
